
Microsoft Visual Studio Solution File, Format Version 12.00
# Visual Studio Version 17
VisualStudioVersion = 17.13.35931.197
MinimumVisualStudioVersion = 10.0.40219.1
Project("{FAE04EC0-301F-11D3-BF4B-00C04F79EFBC}") = "Contract Claim System", "Contract Claim System.csproj", "{33C4CFBB-06E0-4222-9CB9-22031150D016}"
EndProject
Project("{FAE04EC0-301F-11D3-BF4B-00C04F79EFBC}") = "Contract Claim System Tests", "..\Contract Claim System Tests\Contract Claim System Tests.csproj", "{0944529B-138A-48BB-B9E3-EEA75F0C471A}"
EndProject
Global
	GlobalSection(SolutionConfigurationPlatforms) = preSolution
		Debug|Any CPU = Debug|Any CPU
		Release|Any CPU = Release|Any CPU
	EndGlobalSection
	GlobalSection(ProjectConfigurationPlatforms) = postSolution
		{33C4CFBB-06E0-4222-9CB9-22031150D016}.Debug|Any CPU.ActiveCfg = Debug|Any CPU
		{33C4CFBB-06E0-4222-9CB9-22031150D016}.Debug|Any CPU.Build.0 = Debug|Any CPU
		{33C4CFBB-06E0-4222-9CB9-22031150D016}.Release|Any CPU.ActiveCfg = Release|Any CPU
		{33C4CFBB-06E0-4222-9CB9-22031150D016}.Release|Any CPU.Build.0 = Release|Any CPU
		{0944529B-138A-48BB-B9E3-EEA75F0C471A}.Debug|Any CPU.ActiveCfg = Debug|Any CPU
		{0944529B-138A-48BB-B9E3-EEA75F0C471A}.Debug|Any CPU.Build.0 = Debug|Any CPU
		{0944529B-138A-48BB-B9E3-EEA75F0C471A}.Release|Any CPU.ActiveCfg = Release|Any CPU
		{0944529B-138A-48BB-B9E3-EEA75F0C471A}.Release|Any CPU.Build.0 = Release|Any CPU
	EndGlobalSection
	GlobalSection(SolutionProperties) = preSolution
		HideSolutionNode = FALSE
	EndGlobalSection
	GlobalSection(ExtensibilityGlobals) = postSolution
		SolutionGuid = {F279393B-A043-400C-BBD0-6EC39D0EB059}
	EndGlobalSection
EndGlobal
